
Microsoft Visual Studio Solution File, Format Version 12.00
# Visual Studio Version 16
VisualStudioVersion = 16.0.32901.82
MinimumVisualStudioVersion = 10.0.40219.1
Project("{FAE04EC0-301F-11D3-BF4B-00C04F79EFBC}") = "Operators_Mcvey_Zander", "Operators_Mcvey_Zander\Operators_Mcvey_Zander.csproj", "{7AF1A3A4-51B5-4ECA-9EE9-5D5DE1606E6B}"
EndProject
Global
	GlobalSection(SolutionConfigurationPlatforms) = preSolution
		Debug|Any CPU = Debug|Any CPU
		Release|Any CPU = Release|Any CPU
	EndGlobalSection
	GlobalSection(ProjectConfigurationPlatforms) = postSolution
		{7AF1A3A4-51B5-4ECA-9EE9-5D5DE1606E6B}.Debug|Any CPU.ActiveCfg = Debug|Any CPU
		{7AF1A3A4-51B5-4ECA-9EE9-5D5DE1606E6B}.Debug|Any CPU.Build.0 = Debug|Any CPU
		{7AF1A3A4-51B5-4ECA-9EE9-5D5DE1606E6B}.Release|Any CPU.ActiveCfg = Release|Any CPU
		{7AF1A3A4-51B5-4ECA-9EE9-5D5DE1606E6B}.Release|Any CPU.Build.0 = Release|Any CPU
	EndGlobalSection
	GlobalSection(SolutionProperties) = preSolution
		HideSolutionNode = FALSE
	EndGlobalSection
	GlobalSection(ExtensibilityGlobals) = postSolution
		SolutionGuid = {4E42632A-B9B4-4389-A46B-004E909145F6}
	EndGlobalSection
EndGlobal
